// !$*UTF8*$!
{
	archiveVersion = 1;
	classes = {
	};
	objectVersion = 48;
	objects = {

/* Begin PBXBuildFile section */
		6569B2D841ADF8575FBDDCE0 /* Pods_AntapaccayQRUITests.framework in Frameworks */ = {isa = PBXBuildFile; fileRef = 9D8C1B470DBB7272BDA94AF3 /* Pods_AntapaccayQRUITests.framework */; };
		90F45C81E0C2FD04ECE2B62C /* Pods_AntapaccayQRTests.framework in Frameworks */ = {isa = PBXBuildFile; fileRef = 8201295BAEBC1F18C3A73D66 /* Pods_AntapaccayQRTests.framework */; };
		BCE72F27153F30DF5BCEC89C /* Pods_AntapaccayQR.framework in Frameworks */ = {isa = PBXBuildFile; fileRef = 7662CDF3623852F2D613726F /* Pods_AntapaccayQR.framework */; };
		FB142BF62194CDA100FC9FB6 /* Bulto.swift in Sources */ = {isa = PBXBuildFile; fileRef = FB142BF52194CDA100FC9FB6 /* Bulto.swift */; };
		FB15844F218CE78200592ED1 /* OrdenDetalle.swift in Sources */ = {isa = PBXBuildFile; fileRef = FB15844E218CE78200592ED1 /* OrdenDetalle.swift */; };
		FB1A9D2F21933C2800F8ED32 /* NacionaliadViewController.swift in Sources */ = {isa = PBXBuildFile; fileRef = FB1A9D2E21933C2800F8ED32 /* NacionaliadViewController.swift */; };
		FB1A9D3121933C4C00F8ED32 /* TipoViewController.swift in Sources */ = {isa = PBXBuildFile; fileRef = FB1A9D3021933C4C00F8ED32 /* TipoViewController.swift */; };
		FB1A9D332193443A00F8ED32 /* TabBarViewController.swift in Sources */ = {isa = PBXBuildFile; fileRef = FB1A9D322193443A00F8ED32 /* TabBarViewController.swift */; };
		FB1A9D352193456400F8ED32 /* CamaraViewController.swift in Sources */ = {isa = PBXBuildFile; fileRef = FB1A9D342193456400F8ED32 /* CamaraViewController.swift */; };
		FB1A9D372193457000F8ED32 /* GaleriaViewController.swift in Sources */ = {isa = PBXBuildFile; fileRef = FB1A9D362193457000F8ED32 /* GaleriaViewController.swift */; };
		FB1A9D392193457B00F8ED32 /* TerminarViewController.swift in Sources */ = {isa = PBXBuildFile; fileRef = FB1A9D382193457B00F8ED32 /* TerminarViewController.swift */; };
		FB1C7F52219E225B00B62DE8 /* TransporteDTO.swift in Sources */ = {isa = PBXBuildFile; fileRef = FB1C7F51219E225B00B62DE8 /* TransporteDTO.swift */; };
		FB1CDADE2189FCB9003CF2B3 /* SeguimientoCargaViewController.swift in Sources */ = {isa = PBXBuildFile; fileRef = FB1CDADD2189FCB9003CF2B3 /* SeguimientoCargaViewController.swift */; };
		FB1F08BC21BB00C700AAFE81 /* ListaBultosViewController.swift in Sources */ = {isa = PBXBuildFile; fileRef = FB1F08BB21BB00C700AAFE81 /* ListaBultosViewController.swift */; };
		FB20AFA421A30E3600B98FE6 /* ListaViewController.swift in Sources */ = {isa = PBXBuildFile; fileRef = FB20AFA321A30E3600B98FE6 /* ListaViewController.swift */; };
		FB2141EE2191E10C00953269 /* Item.swift in Sources */ = {isa = PBXBuildFile; fileRef = FB2141ED2191E10C00953269 /* Item.swift */; };
		FB2FAB1621B076A1003AB115 /* Llegada.swift in Sources */ = {isa = PBXBuildFile; fileRef = FB2FAB1521B076A1003AB115 /* Llegada.swift */; };
		FB345CF821ADA44500B5BF5E /* Unidad.swift in Sources */ = {isa = PBXBuildFile; fileRef = FB345CF721ADA44500B5BF5E /* Unidad.swift */; };
		FB345CFA21ADC53500B5BF5E /* DataDTO.swift in Sources */ = {isa = PBXBuildFile; fileRef = FB345CF921ADC53500B5BF5E /* DataDTO.swift */; };
		FB3F04C72188FE2700287DAB /* User.swift in Sources */ = {isa = PBXBuildFile; fileRef = FB3F04C62188FE2700287DAB /* User.swift */; };
		FB40348421890B8D005C7792 /* MenuViewController.swift in Sources */ = {isa = PBXBuildFile; fileRef = FB40348321890B8D005C7792 /* MenuViewController.swift */; };
		FB43FD2D21B9871A00ABA054 /* AlmacenViewController.swift in Sources */ = {isa = PBXBuildFile; fileRef = FB43FD2C21B9871A00ABA054 /* AlmacenViewController.swift */; };
		FB43FD3421B9882700ABA054 /* AlmacenComponentTableViewCell.swift in Sources */ = {isa = PBXBuildFile; fileRef = FB43FD3221B9882700ABA054 /* AlmacenComponentTableViewCell.swift */; };
		FB43FD3521B9882700ABA054 /* AlmacenComponentTableViewCell.xib in Resources */ = {isa = PBXBuildFile; fileRef = FB43FD3321B9882700ABA054 /* AlmacenComponentTableViewCell.xib */; };
		FB491CB521975A3300B0CC29 /* QRViewController.swift in Sources */ = {isa = PBXBuildFile; fileRef = FB491CB421975A3300B0CC29 /* QRViewController.swift */; };
		FB5738BD21B8408500C22703 /* CellComponentTableViewCell.swift in Sources */ = {isa = PBXBuildFile; fileRef = FB5738BB21B8408500C22703 /* CellComponentTableViewCell.swift */; };
		FB5738BE21B8408500C22703 /* CellComponentTableViewCell.xib in Resources */ = {isa = PBXBuildFile; fileRef = FB5738BC21B8408500C22703 /* CellComponentTableViewCell.xib */; };
		FB5738C021B84F3600C22703 /* ReporteUserViewController.swift in Sources */ = {isa = PBXBuildFile; fileRef = FB5738BF21B84F3600C22703 /* ReporteUserViewController.swift */; };
		FB5738C221B853F800C22703 /* Reporte.swift in Sources */ = {isa = PBXBuildFile; fileRef = FB5738C121B853F800C22703 /* Reporte.swift */; };
		FB59B65321BEE29A006E1F2D /* PaletaQRViewController.swift in Sources */ = {isa = PBXBuildFile; fileRef = FB59B65221BEE29A006E1F2D /* PaletaQRViewController.swift */; };
		FB59B65521BEE2F6006E1F2D /* UnidadQRViewController.swift in Sources */ = {isa = PBXBuildFile; fileRef = FB59B65421BEE2F6006E1F2D /* UnidadQRViewController.swift */; };
		FB735B2F2195DCBA00707D9D /* OrdenDTO.swift in Sources */ = {isa = PBXBuildFile; fileRef = FB735B2E2195DCBA00707D9D /* OrdenDTO.swift */; };
		FB735B312195E16E00707D9D /* ListaGuia.swift in Sources */ = {isa = PBXBuildFile; fileRef = FB735B302195E16E00707D9D /* ListaGuia.swift */; };
		FB7C9EE12188D17C00F0466F /* LoginViewController.swift in Sources */ = {isa = PBXBuildFile; fileRef = FB7C9EE02188D17C00F0466F /* LoginViewController.swift */; };
		FB7C9EE32188D47700F0466F /* ConstSegen.swift in Sources */ = {isa = PBXBuildFile; fileRef = FB7C9EE22188D47700F0466F /* ConstSegen.swift */; };
		FB89359F219CCC31007A04E3 /* TransportistaViewController.swift in Sources */ = {isa = PBXBuildFile; fileRef = FB89359E219CCC31007A04E3 /* TransportistaViewController.swift */; };
		FB94C467218A4EA6000E6684 /* RoutesApi.swift in Sources */ = {isa = PBXBuildFile; fileRef = FB94C466218A4EA6000E6684 /* RoutesApi.swift */; };
		FB94C469218A4EF1000E6684 /* Util.swift in Sources */ = {isa = PBXBuildFile; fileRef = FB94C468218A4EF1000E6684 /* Util.swift */; };
		FB9BE786218A47370044690B /* Orden.swift in Sources */ = {isa = PBXBuildFile; fileRef = FB9BE785218A47370044690B /* Orden.swift */; };
		FBD3C23A21AC107B00221C3C /* ConsolidadionPaletaViewController.swift in Sources */ = {isa = PBXBuildFile; fileRef = FBD3C23921AC107B00221C3C /* ConsolidadionPaletaViewController.swift */; };
		FBD3C23C21AC1B4800221C3C /* Paleta.swift in Sources */ = {isa = PBXBuildFile; fileRef = FBD3C23B21AC1B4800221C3C /* Paleta.swift */; };
		FBD3C23E21AC221F00221C3C /* ConsolidadoUnidadViewController.swift in Sources */ = {isa = PBXBuildFile; fileRef = FBD3C23D21AC221F00221C3C /* ConsolidadoUnidadViewController.swift */; };
		FBD3C24221AC5A4A00221C3C /* TabBarBultoViewController.swift in Sources */ = {isa = PBXBuildFile; fileRef = FBD3C24121AC5A4A00221C3C /* TabBarBultoViewController.swift */; };
		FBD3C24421AC5A9000221C3C /* CameraBultoViewController.swift in Sources */ = {isa = PBXBuildFile; fileRef = FBD3C24321AC5A9000221C3C /* CameraBultoViewController.swift */; };
		FBD3C24621AC5AEE00221C3C /* GaleriaBultoViewController.swift in Sources */ = {isa = PBXBuildFile; fileRef = FBD3C24521AC5AEE00221C3C /* GaleriaBultoViewController.swift */; };
		FBD3C24821AC5CEA00221C3C /* DimensionesBultoViewController.swift in Sources */ = {isa = PBXBuildFile; fileRef = FBD3C24721AC5CEA00221C3C /* DimensionesBultoViewController.swift */; };
		FBD3C24A21AC7A7D00221C3C /* TerminarBultoViewController.swift in Sources */ = {isa = PBXBuildFile; fileRef = FBD3C24921AC7A7D00221C3C /* TerminarBultoViewController.swift */; };
		FBD3C24C21ACAA8C00221C3C /* TabBarUnidadViewController.swift in Sources */ = {isa = PBXBuildFile; fileRef = FBD3C24B21ACAA8C00221C3C /* TabBarUnidadViewController.swift */; };
		FBD3C24E21ACAB5900221C3C /* UnidadTransporteViewController.swift in Sources */ = {isa = PBXBuildFile; fileRef = FBD3C24D21ACAB5900221C3C /* UnidadTransporteViewController.swift */; };
		FBDAB0A021B1D0C4006C15F6 /* CellComponentCollectionViewCell.swift in Sources */ = {isa = PBXBuildFile; fileRef = FBDAB09E21B1D0C4006C15F6 /* CellComponentCollectionViewCell.swift */; };
		FBDAB0A121B1D0C4006C15F6 /* CellComponentCollectionViewCell.xib in Resources */ = {isa = PBXBuildFile; fileRef = FBDAB09F21B1D0C4006C15F6 /* CellComponentCollectionViewCell.xib */; };
		FBE7D0F021AEEE7600590AB3 /* SalidaCargaViewController.swift in Sources */ = {isa = PBXBuildFile; fileRef = FBE7D0EF21AEEE7600590AB3 /* SalidaCargaViewController.swift */; };
		FBE7D0F221AEEE8500590AB3 /* PartidaCargaViewController.swift in Sources */ = {isa = PBXBuildFile; fileRef = FBE7D0F121AEEE8500590AB3 /* PartidaCargaViewController.swift */; };
		FBE7D0F421AF121800590AB3 /* Entrada.swift in Sources */ = {isa = PBXBuildFile; fileRef = FBE7D0F321AF121800590AB3 /* Entrada.swift */; };
		FBE7D0F621AF24CB00590AB3 /* Registro.swift in Sources */ = {isa = PBXBuildFile; fileRef = FBE7D0F521AF24CB00590AB3 /* Registro.swift */; };
		FBE8136A2187942A00669625 /* AppDelegate.swift in Sources */ = {isa = PBXBuildFile; fileRef = FBE813692187942A00669625 /* AppDelegate.swift */; };
		FBE8136C2187942A00669625 /* ViewController.swift in Sources */ = {isa = PBXBuildFile; fileRef = FBE8136B2187942A00669625 /* ViewController.swift */; };
		FBE8136F2187942A00669625 /* Main.storyboard in Resources */ = {isa = PBXBuildFile; fileRef = FBE8136D2187942A00669625 /* Main.storyboard */; };
		FBE813712187942A00669625 /* Assets.xcassets in Resources */ = {isa = PBXBuildFile; fileRef = FBE813702187942A00669625 /* Assets.xcassets */; };
		FBE813742187942A00669625 /* LaunchScreen.storyboard in Resources */ = {isa = PBXBuildFile; fileRef = FBE813722187942A00669625 /* LaunchScreen.storyboard */; };
		FBE8137F2187942A00669625 /* AntapaccayQRTests.swift in Sources */ = {isa = PBXBuildFile; fileRef = FBE8137E2187942A00669625 /* AntapaccayQRTests.swift */; };
		FBE8138A2187942A00669625 /* AntapaccayQRUITests.swift in Sources */ = {isa = PBXBuildFile; fileRef = FBE813892187942A00669625 /* AntapaccayQRUITests.swift */; };
/* End PBXBuildFile section */

/* Begin PBXContainerItemProxy section */
		FBE8137B2187942A00669625 /* PBXContainerItemProxy */ = {
			isa = PBXContainerItemProxy;
			containerPortal = FBE8135E2187942A00669625 /* Project object */;
			proxyType = 1;
			remoteGlobalIDString = FBE813652187942A00669625;
			remoteInfo = AntapaccayQR;
		};
		FBE813862187942A00669625 /* PBXContainerItemProxy */ = {
			isa = PBXContainerItemProxy;
			containerPortal = FBE8135E2187942A00669625 /* Project object */;
			proxyType = 1;
			remoteGlobalIDString = FBE813652187942A00669625;
			remoteInfo = AntapaccayQR;
		};
/* End PBXContainerItemProxy section */

/* Begin PBXFileReference section */
		4430C7A3BB2F1F5DB4C68A01 /* Pods-AntapaccayQRUITests.debug.xcconfig */ = {isa = PBXFileReference; includeInIndex = 1; lastKnownFileType = text.xcconfig; name = "Pods-AntapaccayQRUITests.debug.xcconfig"; path = "Pods/Target Support Files/Pods-AntapaccayQRUITests/Pods-AntapaccayQRUITests.debug.xcconfig"; sourceTree = "<group>"; };
		653B2E3670D8CBFA647FD4BA /* Pods-AntapaccayQRTests.release.xcconfig */ = {isa = PBXFileReference; includeInIndex = 1; lastKnownFileType = text.xcconfig; name = "Pods-AntapaccayQRTests.release.xcconfig"; path = "Pods/Target Support Files/Pods-AntapaccayQRTests/Pods-AntapaccayQRTests.release.xcconfig"; sourceTree = "<group>"; };
		6DB5934F51140889FE5B848D /* Pods-AntapaccayQR.debug.xcconfig */ = {isa = PBXFileReference; includeInIndex = 1; lastKnownFileType = text.xcconfig; name = "Pods-AntapaccayQR.debug.xcconfig"; path = "Pods/Target Support Files/Pods-AntapaccayQR/Pods-AntapaccayQR.debug.xcconfig"; sourceTree = "<group>"; };
		7662CDF3623852F2D613726F /* Pods_AntapaccayQR.framework */ = {isa = PBXFileReference; explicitFileType = wrapper.framework; includeInIndex = 0; path = Pods_AntapaccayQR.framework; sourceTree = BUILT_PRODUCTS_DIR; };
		8201295BAEBC1F18C3A73D66 /* Pods_AntapaccayQRTests.framework */ = {isa = PBXFileReference; explicitFileType = wrapper.framework; includeInIndex = 0; path = Pods_AntapaccayQRTests.framework; sourceTree = BUILT_PRODUCTS_DIR; };
		8ED80017C56D57E2F7C08513 /* Pods-AntapaccayQR.release.xcconfig */ = {isa = PBXFileReference; includeInIndex = 1; lastKnownFileType = text.xcconfig; name = "Pods-AntapaccayQR.release.xcconfig"; path = "Pods/Target Support Files/Pods-AntapaccayQR/Pods-AntapaccayQR.release.xcconfig"; sourceTree = "<group>"; };
		9D8C1B470DBB7272BDA94AF3 /* Pods_AntapaccayQRUITests.framework */ = {isa = PBXFileReference; explicitFileType = wrapper.framework; includeInIndex = 0; path = Pods_AntapaccayQRUITests.framework; sourceTree = BUILT_PRODUCTS_DIR; };
		D308793767C53330691C399F /* Pods-AntapaccayQRTests.debug.xcconfig */ = {isa = PBXFileReference; includeInIndex = 1; lastKnownFileType = text.xcconfig; name = "Pods-AntapaccayQRTests.debug.xcconfig"; path = "Pods/Target Support Files/Pods-AntapaccayQRTests/Pods-AntapaccayQRTests.debug.xcconfig"; sourceTree = "<group>"; };
		F73EBF6CFE4E82570AE5A442 /* Pods-AntapaccayQRUITests.release.xcconfig */ = {isa = PBXFileReference; includeInIndex = 1; lastKnownFileType = text.xcconfig; name = "Pods-AntapaccayQRUITests.release.xcconfig"; path = "Pods/Target Support Files/Pods-AntapaccayQRUITests/Pods-AntapaccayQRUITests.release.xcconfig"; sourceTree = "<group>"; };
		FB142BF52194CDA100FC9FB6 /* Bulto.swift */ = {isa = PBXFileReference; lastKnownFileType = sourcecode.swift; path = Bulto.swift; sourceTree = "<group>"; };
		FB15844E218CE78200592ED1 /* OrdenDetalle.swift */ = {isa = PBXFileReference; lastKnownFileType = sourcecode.swift; path = OrdenDetalle.swift; sourceTree = "<group>"; };
		FB1A9D2E21933C2800F8ED32 /* NacionaliadViewController.swift */ = {isa = PBXFileReference; lastKnownFileType = sourcecode.swift; path = NacionaliadViewController.swift; sourceTree = "<group>"; };
		FB1A9D3021933C4C00F8ED32 /* TipoViewController.swift */ = {isa = PBXFileReference; lastKnownFileType = sourcecode.swift; path = TipoViewController.swift; sourceTree = "<group>"; };
		FB1A9D322193443A00F8ED32 /* TabBarViewController.swift */ = {isa = PBXFileReference; lastKnownFileType = sourcecode.swift; path = TabBarViewController.swift; sourceTree = "<group>"; };
		FB1A9D342193456400F8ED32 /* CamaraViewController.swift */ = {isa = PBXFileReference; lastKnownFileType = sourcecode.swift; path = CamaraViewController.swift; sourceTree = "<group>"; };
		FB1A9D362193457000F8ED32 /* GaleriaViewController.swift */ = {isa = PBXFileReference; lastKnownFileType = sourcecode.swift; path = GaleriaViewController.swift; sourceTree = "<group>"; };
		FB1A9D382193457B00F8ED32 /* TerminarViewController.swift */ = {isa = PBXFileReference; lastKnownFileType = sourcecode.swift; path = TerminarViewController.swift; sourceTree = "<group>"; };
		FB1C7F51219E225B00B62DE8 /* TransporteDTO.swift */ = {isa = PBXFileReference; lastKnownFileType = sourcecode.swift; path = TransporteDTO.swift; sourceTree = "<group>"; };
		FB1CDADD2189FCB9003CF2B3 /* SeguimientoCargaViewController.swift */ = {isa = PBXFileReference; lastKnownFileType = sourcecode.swift; path = SeguimientoCargaViewController.swift; sourceTree = "<group>"; };
		FB1F08BB21BB00C700AAFE81 /* ListaBultosViewController.swift */ = {isa = PBXFileReference; lastKnownFileType = sourcecode.swift; path = ListaBultosViewController.swift; sourceTree = "<group>"; };
		FB20AFA321A30E3600B98FE6 /* ListaViewController.swift */ = {isa = PBXFileReference; lastKnownFileType = sourcecode.swift; path = ListaViewController.swift; sourceTree = "<group>"; };
		FB2141ED2191E10C00953269 /* Item.swift */ = {isa = PBXFileReference; lastKnownFileType = sourcecode.swift; path = Item.swift; sourceTree = "<group>"; };
		FB2FAB1521B076A1003AB115 /* Llegada.swift */ = {isa = PBXFileReference; lastKnownFileType = sourcecode.swift; path = Llegada.swift; sourceTree = "<group>"; };
		FB345CF721ADA44500B5BF5E /* Unidad.swift */ = {isa = PBXFileReference; lastKnownFileType = sourcecode.swift; path = Unidad.swift; sourceTree = "<group>"; };
		FB345CF921ADC53500B5BF5E /* DataDTO.swift */ = {isa = PBXFileReference; lastKnownFileType = sourcecode.swift; path = DataDTO.swift; sourceTree = "<group>"; };
		FB3F04C62188FE2700287DAB /* User.swift */ = {isa = PBXFileReference; lastKnownFileType = sourcecode.swift; path = User.swift; sourceTree = "<group>"; };
		FB40348321890B8D005C7792 /* MenuViewController.swift */ = {isa = PBXFileReference; lastKnownFileType = sourcecode.swift; path = MenuViewController.swift; sourceTree = "<group>"; };
		FB43FD2C21B9871A00ABA054 /* AlmacenViewController.swift */ = {isa = PBXFileReference; lastKnownFileType = sourcecode.swift; path = AlmacenViewController.swift; sourceTree = "<group>"; };
		FB43FD3221B9882700ABA054 /* AlmacenComponentTableViewCell.swift */ = {isa = PBXFileReference; lastKnownFileType = sourcecode.swift; path = AlmacenComponentTableViewCell.swift; sourceTree = "<group>"; };
		FB43FD3321B9882700ABA054 /* AlmacenComponentTableViewCell.xib */ = {isa = PBXFileReference; lastKnownFileType = file.xib; path = AlmacenComponentTableViewCell.xib; sourceTree = "<group>"; };
		FB491CB421975A3300B0CC29 /* QRViewController.swift */ = {isa = PBXFileReference; lastKnownFileType = sourcecode.swift; path = QRViewController.swift; sourceTree = "<group>"; };
		FB5738BB21B8408500C22703 /* CellComponentTableViewCell.swift */ = {isa = PBXFileReference; lastKnownFileType = sourcecode.swift; path = CellComponentTableViewCell.swift; sourceTree = "<group>"; };
		FB5738BC21B8408500C22703 /* CellComponentTableViewCell.xib */ = {isa = PBXFileReference; lastKnownFileType = file.xib; path = CellComponentTableViewCell.xib; sourceTree = "<group>"; };
		FB5738BF21B84F3600C22703 /* ReporteUserViewController.swift */ = {isa = PBXFileReference; lastKnownFileType = sourcecode.swift; path = ReporteUserViewController.swift; sourceTree = "<group>"; };
		FB5738C121B853F800C22703 /* Reporte.swift */ = {isa = PBXFileReference; lastKnownFileType = sourcecode.swift; path = Reporte.swift; sourceTree = "<group>"; };
		FB59B65221BEE29A006E1F2D /* PaletaQRViewController.swift */ = {isa = PBXFileReference; lastKnownFileType = sourcecode.swift; path = PaletaQRViewController.swift; sourceTree = "<group>"; };
		FB59B65421BEE2F6006E1F2D /* UnidadQRViewController.swift */ = {isa = PBXFileReference; lastKnownFileType = sourcecode.swift; path = UnidadQRViewController.swift; sourceTree = "<group>"; };
		FB735B2E2195DCBA00707D9D /* OrdenDTO.swift */ = {isa = PBXFileReference; lastKnownFileType = sourcecode.swift; path = OrdenDTO.swift; sourceTree = "<group>"; };
		FB735B302195E16E00707D9D /* ListaGuia.swift */ = {isa = PBXFileReference; lastKnownFileType = sourcecode.swift; path = ListaGuia.swift; sourceTree = "<group>"; };
		FB7C9EE02188D17C00F0466F /* LoginViewController.swift */ = {isa = PBXFileReference; lastKnownFileType = sourcecode.swift; path = LoginViewController.swift; sourceTree = "<group>"; };
		FB7C9EE22188D47700F0466F /* ConstSegen.swift */ = {isa = PBXFileReference; lastKnownFileType = sourcecode.swift; path = ConstSegen.swift; sourceTree = "<group>"; };
		FB89359E219CCC31007A04E3 /* TransportistaViewController.swift */ = {isa = PBXFileReference; lastKnownFileType = sourcecode.swift; path = TransportistaViewController.swift; sourceTree = "<group>"; };
		FB94C466218A4EA6000E6684 /* RoutesApi.swift */ = {isa = PBXFileReference; lastKnownFileType = sourcecode.swift; path = RoutesApi.swift; sourceTree = "<group>"; };
		FB94C468218A4EF1000E6684 /* Util.swift */ = {isa = PBXFileReference; lastKnownFileType = sourcecode.swift; path = Util.swift; sourceTree = "<group>"; };
		FB9BE785218A47370044690B /* Orden.swift */ = {isa = PBXFileReference; lastKnownFileType = sourcecode.swift; path = Orden.swift; sourceTree = "<group>"; };
		FBD3C23921AC107B00221C3C /* ConsolidadionPaletaViewController.swift */ = {isa = PBXFileReference; lastKnownFileType = sourcecode.swift; path = ConsolidadionPaletaViewController.swift; sourceTree = "<group>"; };
		FBD3C23B21AC1B4800221C3C /* Paleta.swift */ = {isa = PBXFileReference; lastKnownFileType = sourcecode.swift; path = Paleta.swift; sourceTree = "<group>"; };
		FBD3C23D21AC221F00221C3C /* ConsolidadoUnidadViewController.swift */ = {isa = PBXFileReference; lastKnownFileType = sourcecode.swift; path = ConsolidadoUnidadViewController.swift; sourceTree = "<group>"; };
		FBD3C24121AC5A4A00221C3C /* TabBarBultoViewController.swift */ = {isa = PBXFileReference; lastKnownFileType = sourcecode.swift; path = TabBarBultoViewController.swift; sourceTree = "<group>"; };
		FBD3C24321AC5A9000221C3C /* CameraBultoViewController.swift */ = {isa = PBXFileReference; lastKnownFileType = sourcecode.swift; path = CameraBultoViewController.swift; sourceTree = "<group>"; };
		FBD3C24521AC5AEE00221C3C /* GaleriaBultoViewController.swift */ = {isa = PBXFileReference; lastKnownFileType = sourcecode.swift; path = GaleriaBultoViewController.swift; sourceTree = "<group>"; };
		FBD3C24721AC5CEA00221C3C /* DimensionesBultoViewController.swift */ = {isa = PBXFileReference; lastKnownFileType = sourcecode.swift; path = DimensionesBultoViewController.swift; sourceTree = "<group>"; };
		FBD3C24921AC7A7D00221C3C /* TerminarBultoViewController.swift */ = {isa = PBXFileReference; lastKnownFileType = sourcecode.swift; path = TerminarBultoViewController.swift; sourceTree = "<group>"; };
		FBD3C24B21ACAA8C00221C3C /* TabBarUnidadViewController.swift */ = {isa = PBXFileReference; lastKnownFileType = sourcecode.swift; path = TabBarUnidadViewController.swift; sourceTree = "<group>"; };
		FBD3C24D21ACAB5900221C3C /* UnidadTransporteViewController.swift */ = {isa = PBXFileReference; lastKnownFileType = sourcecode.swift; path = UnidadTransporteViewController.swift; sourceTree = "<group>"; };
		FBDAB09E21B1D0C4006C15F6 /* CellComponentCollectionViewCell.swift */ = {isa = PBXFileReference; lastKnownFileType = sourcecode.swift; path = CellComponentCollectionViewCell.swift; sourceTree = "<group>"; };
		FBDAB09F21B1D0C4006C15F6 /* CellComponentCollectionViewCell.xib */ = {isa = PBXFileReference; lastKnownFileType = file.xib; path = CellComponentCollectionViewCell.xib; sourceTree = "<group>"; };
		FBE7D0EF21AEEE7600590AB3 /* SalidaCargaViewController.swift */ = {isa = PBXFileReference; lastKnownFileType = sourcecode.swift; path = SalidaCargaViewController.swift; sourceTree = "<group>"; };
		FBE7D0F121AEEE8500590AB3 /* PartidaCargaViewController.swift */ = {isa = PBXFileReference; lastKnownFileType = sourcecode.swift; path = PartidaCargaViewController.swift; sourceTree = "<group>"; };
		FBE7D0F321AF121800590AB3 /* Entrada.swift */ = {isa = PBXFileReference; lastKnownFileType = sourcecode.swift; path = Entrada.swift; sourceTree = "<group>"; };
		FBE7D0F521AF24CB00590AB3 /* Registro.swift */ = {isa = PBXFileReference; lastKnownFileType = sourcecode.swift; path = Registro.swift; sourceTree = "<group>"; };
		FBE813662187942A00669625 /* AntapaccayQR.app */ = {isa = PBXFileReference; explicitFileType = wrapper.application; includeInIndex = 0; path = AntapaccayQR.app; sourceTree = BUILT_PRODUCTS_DIR; };
		FBE813692187942A00669625 /* AppDelegate.swift */ = {isa = PBXFileReference; lastKnownFileType = sourcecode.swift; path = AppDelegate.swift; sourceTree = "<group>"; };
		FBE8136B2187942A00669625 /* ViewController.swift */ = {isa = PBXFileReference; lastKnownFileType = sourcecode.swift; path = ViewController.swift; sourceTree = "<group>"; };
		FBE8136E2187942A00669625 /* Base */ = {isa = PBXFileReference; lastKnownFileType = file.storyboard; name = Base; path = Base.lproj/Main.storyboard; sourceTree = "<group>"; };
		FBE813702187942A00669625 /* Assets.xcassets */ = {isa = PBXFileReference; lastKnownFileType = folder.assetcatalog; path = Assets.xcassets; sourceTree = "<group>"; };
		FBE813732187942A00669625 /* Base */ = {isa = PBXFileReference; lastKnownFileType = file.storyboard; name = Base; path = Base.lproj/LaunchScreen.storyboard; sourceTree = "<group>"; };
		FBE813752187942A00669625 /* Info.plist */ = {isa = PBXFileReference; lastKnownFileType = text.plist.xml; path = Info.plist; sourceTree = "<group>"; };
		FBE8137A2187942A00669625 /* AntapaccayQRTests.xctest */ = {isa = PBXFileReference; explicitFileType = wrapper.cfbundle; includeInIndex = 0; path = AntapaccayQRTests.xctest; sourceTree = BUILT_PRODUCTS_DIR; };
		FBE8137E2187942A00669625 /* AntapaccayQRTests.swift */ = {isa = PBXFileReference; lastKnownFileType = sourcecode.swift; path = AntapaccayQRTests.swift; sourceTree = "<group>"; };
		FBE813802187942A00669625 /* Info.plist */ = {isa = PBXFileReference; lastKnownFileType = text.plist.xml; path = Info.plist; sourceTree = "<group>"; };
		FBE813852187942A00669625 /* AntapaccayQRUITests.xctest */ = {isa = PBXFileReference; explicitFileType = wrapper.cfbundle; includeInIndex = 0; path = AntapaccayQRUITests.xctest; sourceTree = BUILT_PRODUCTS_DIR; };
		FBE813892187942A00669625 /* AntapaccayQRUITests.swift */ = {isa = PBXFileReference; lastKnownFileType = sourcecode.swift; path = AntapaccayQRUITests.swift; sourceTree = "<group>"; };
		FBE8138B2187942A00669625 /* Info.plist */ = {isa = PBXFileReference; lastKnownFileType = text.plist.xml; path = Info.plist; sourceTree = "<group>"; };
/* End PBXFileReference section */

/* Begin PBXFrameworksBuildPhase section */
		FBE813632187942A00669625 /* Frameworks */ = {
			isa = PBXFrameworksBuildPhase;
			buildActionMask = 2147483647;
			files = (
				BCE72F27153F30DF5BCEC89C /* Pods_AntapaccayQR.framework in Frameworks */,
			);
			runOnlyForDeploymentPostprocessing = 0;
		};
		FBE813772187942A00669625 /* Frameworks */ = {
			isa = PBXFrameworksBuildPhase;
			buildActionMask = 2147483647;
			files = (
				90F45C81E0C2FD04ECE2B62C /* Pods_AntapaccayQRTests.framework in Frameworks */,
			);
			runOnlyForDeploymentPostprocessing = 0;
		};
		FBE813822187942A00669625 /* Frameworks */ = {
			isa = PBXFrameworksBuildPhase;
			buildActionMask = 2147483647;
			files = (
				6569B2D841ADF8575FBDDCE0 /* Pods_AntapaccayQRUITests.framework in Frameworks */,
			);
			runOnlyForDeploymentPostprocessing = 0;
		};
/* End PBXFrameworksBuildPhase section */

/* Begin PBXGroup section */
		80600D459795F05FF51E3BED /* Frameworks */ = {
			isa = PBXGroup;
			children = (
				7662CDF3623852F2D613726F /* Pods_AntapaccayQR.framework */,
				8201295BAEBC1F18C3A73D66 /* Pods_AntapaccayQRTests.framework */,
				9D8C1B470DBB7272BDA94AF3 /* Pods_AntapaccayQRUITests.framework */,
			);
			name = Frameworks;
			sourceTree = "<group>";
		};
		B491A1A1225BDC4F388A5E04 /* Pods */ = {
			isa = PBXGroup;
			children = (
				6DB5934F51140889FE5B848D /* Pods-AntapaccayQR.debug.xcconfig */,
				8ED80017C56D57E2F7C08513 /* Pods-AntapaccayQR.release.xcconfig */,
				D308793767C53330691C399F /* Pods-AntapaccayQRTests.debug.xcconfig */,
				653B2E3670D8CBFA647FD4BA /* Pods-AntapaccayQRTests.release.xcconfig */,
				4430C7A3BB2F1F5DB4C68A01 /* Pods-AntapaccayQRUITests.debug.xcconfig */,
				F73EBF6CFE4E82570AE5A442 /* Pods-AntapaccayQRUITests.release.xcconfig */,
			);
			name = Pods;
			sourceTree = "<group>";
		};
		FB3F04C52188FE0700287DAB /* Models */ = {
			isa = PBXGroup;
			children = (
				FB9BE785218A47370044690B /* Orden.swift */,
				FB3F04C62188FE2700287DAB /* User.swift */,
				FB15844E218CE78200592ED1 /* OrdenDetalle.swift */,
				FB2141ED2191E10C00953269 /* Item.swift */,
				FB142BF52194CDA100FC9FB6 /* Bulto.swift */,
				FB735B302195E16E00707D9D /* ListaGuia.swift */,
				FBD3C23B21AC1B4800221C3C /* Paleta.swift */,
				FB345CF721ADA44500B5BF5E /* Unidad.swift */,
				FB345CF921ADC53500B5BF5E /* DataDTO.swift */,
				FBE7D0F521AF24CB00590AB3 /* Registro.swift */,
				FB2FAB1521B076A1003AB115 /* Llegada.swift */,
				FB5738C121B853F800C22703 /* Reporte.swift */,
			);
			path = Models;
			sourceTree = "<group>";
		};
		FB735B2D2195DC9F00707D9D /* Dtos */ = {
			isa = PBXGroup;
			children = (
				FB735B2E2195DCBA00707D9D /* OrdenDTO.swift */,
				FB1C7F51219E225B00B62DE8 /* TransporteDTO.swift */,
				FBE7D0F321AF121800590AB3 /* Entrada.swift */,
			);
			path = Dtos;
			sourceTree = "<group>";
		};
		FB7C9EDD2188D14000F0466F /* Constans */ = {
			isa = PBXGroup;
			children = (
				FB94C468218A4EF1000E6684 /* Util.swift */,
				FB7C9EE22188D47700F0466F /* ConstSegen.swift */,
				FB94C466218A4EA6000E6684 /* RoutesApi.swift */,
			);
			path = Constans;
			sourceTree = "<group>";
		};
		FB7C9EDF2188D16400F0466F /* ViewControllers */ = {
			isa = PBXGroup;
			children = (
				FB7C9EE02188D17C00F0466F /* LoginViewController.swift */,
				FB40348321890B8D005C7792 /* MenuViewController.swift */,
				FB1CDADD2189FCB9003CF2B3 /* SeguimientoCargaViewController.swift */,
				FB1A9D2E21933C2800F8ED32 /* NacionaliadViewController.swift */,
				FB1A9D3021933C4C00F8ED32 /* TipoViewController.swift */,
				FB1A9D322193443A00F8ED32 /* TabBarViewController.swift */,
				FB1A9D342193456400F8ED32 /* CamaraViewController.swift */,
				FB1A9D362193457000F8ED32 /* GaleriaViewController.swift */,
				FB1A9D382193457B00F8ED32 /* TerminarViewController.swift */,
				FB491CB421975A3300B0CC29 /* QRViewController.swift */,
				FB89359E219CCC31007A04E3 /* TransportistaViewController.swift */,
				FB20AFA321A30E3600B98FE6 /* ListaViewController.swift */,
				FBD3C23921AC107B00221C3C /* ConsolidadionPaletaViewController.swift */,
				FBD3C23D21AC221F00221C3C /* ConsolidadoUnidadViewController.swift */,
				FBD3C24121AC5A4A00221C3C /* TabBarBultoViewController.swift */,
				FBD3C24321AC5A9000221C3C /* CameraBultoViewController.swift */,
				FBD3C24521AC5AEE00221C3C /* GaleriaBultoViewController.swift */,
				FBD3C24721AC5CEA00221C3C /* DimensionesBultoViewController.swift */,
				FBD3C24921AC7A7D00221C3C /* TerminarBultoViewController.swift */,
				FBD3C24B21ACAA8C00221C3C /* TabBarUnidadViewController.swift */,
				FBD3C24D21ACAB5900221C3C /* UnidadTransporteViewController.swift */,
				FBE7D0EF21AEEE7600590AB3 /* SalidaCargaViewController.swift */,
				FBE7D0F121AEEE8500590AB3 /* PartidaCargaViewController.swift */,
				FB5738BF21B84F3600C22703 /* ReporteUserViewController.swift */,
				FB43FD2C21B9871A00ABA054 /* AlmacenViewController.swift */,
				FB1F08BB21BB00C700AAFE81 /* ListaBultosViewController.swift */,
				FB59B65221BEE29A006E1F2D /* PaletaQRViewController.swift */,
				FB59B65421BEE2F6006E1F2D /* UnidadQRViewController.swift */,
			);
			path = ViewControllers;
			sourceTree = "<group>";
		};
		FBDAB09B21B1CF49006C15F6 /* Commponents */ = {
			isa = PBXGroup;
			children = (
				FBDAB09E21B1D0C4006C15F6 /* CellComponentCollectionViewCell.swift */,
				FBDAB09F21B1D0C4006C15F6 /* CellComponentCollectionViewCell.xib */,
				FB5738BB21B8408500C22703 /* CellComponentTableViewCell.swift */,
				FB5738BC21B8408500C22703 /* CellComponentTableViewCell.xib */,
				FB43FD3221B9882700ABA054 /* AlmacenComponentTableViewCell.swift */,
				FB43FD3321B9882700ABA054 /* AlmacenComponentTableViewCell.xib */,
			);
			path = Commponents;
			sourceTree = "<group>";
		};
		FBE8135D2187942A00669625 = {
			isa = PBXGroup;
			children = (
				FBE813682187942A00669625 /* AntapaccayQR */,
				FBE8137D2187942A00669625 /* AntapaccayQRTests */,
				FBE813882187942A00669625 /* AntapaccayQRUITests */,
				FBE813672187942A00669625 /* Products */,
				B491A1A1225BDC4F388A5E04 /* Pods */,
				80600D459795F05FF51E3BED /* Frameworks */,
			);
			sourceTree = "<group>";
		};
		FBE813672187942A00669625 /* Products */ = {
			isa = PBXGroup;
			children = (
				FBE813662187942A00669625 /* AntapaccayQR.app */,
				FBE8137A2187942A00669625 /* AntapaccayQRTests.xctest */,
				FBE813852187942A00669625 /* AntapaccayQRUITests.xctest */,
			);
			name = Products;
			sourceTree = "<group>";
		};
		FBE813682187942A00669625 /* AntapaccayQR */ = {
			isa = PBXGroup;
			children = (
				FB735B2D2195DC9F00707D9D /* Dtos */,
				FBDAB09B21B1CF49006C15F6 /* Commponents */,
				FB3F04C52188FE0700287DAB /* Models */,
				FB7C9EDF2188D16400F0466F /* ViewControllers */,
				FB7C9EDD2188D14000F0466F /* Constans */,
				FBE813692187942A00669625 /* AppDelegate.swift */,
				FBE8136B2187942A00669625 /* ViewController.swift */,
				FBE8136D2187942A00669625 /* Main.storyboard */,
				FBE813702187942A00669625 /* Assets.xcassets */,
				FBE813722187942A00669625 /* LaunchScreen.storyboard */,
				FBE813752187942A00669625 /* Info.plist */,
			);
			path = AntapaccayQR;
			sourceTree = "<group>";
		};
		FBE8137D2187942A00669625 /* AntapaccayQRTests */ = {
			isa = PBXGroup;
			children = (
				FBE8137E2187942A00669625 /* AntapaccayQRTests.swift */,
				FBE813802187942A00669625 /* Info.plist */,
			);
			path = AntapaccayQRTests;
			sourceTree = "<group>";
		};
		FBE813882187942A00669625 /* AntapaccayQRUITests */ = {
			isa = PBXGroup;
			children = (
				FBE813892187942A00669625 /* AntapaccayQRUITests.swift */,
				FBE8138B2187942A00669625 /* Info.plist */,
			);
			path = AntapaccayQRUITests;
			sourceTree = "<group>";
		};
/* End PBXGroup section */

/* Begin PBXNativeTarget section */
		FBE813652187942A00669625 /* AntapaccayQR */ = {
			isa = PBXNativeTarget;
			buildConfigurationList = FBE8138E2187942A00669625 /* Build configuration list for PBXNativeTarget "AntapaccayQR" */;
			buildPhases = (
				50AB0A123FF308342724A68E /* [CP] Check Pods Manifest.lock */,
				FBE813622187942A00669625 /* Sources */,
				FBE813632187942A00669625 /* Frameworks */,
				FBE813642187942A00669625 /* Resources */,
				96C81A41085152A246CF1492 /* [CP] Embed Pods Frameworks */,
			);
			buildRules = (
			);
			dependencies = (
			);
			name = AntapaccayQR;
			productName = AntapaccayQR;
			productReference = FBE813662187942A00669625 /* AntapaccayQR.app */;
			productType = "com.apple.product-type.application";
		};
		FBE813792187942A00669625 /* AntapaccayQRTests */ = {
			isa = PBXNativeTarget;
			buildConfigurationList = FBE813912187942A00669625 /* Build configuration list for PBXNativeTarget "AntapaccayQRTests" */;
			buildPhases = (
				BAC71F528C3C0AF20EFE0CA8 /* [CP] Check Pods Manifest.lock */,
				FBE813762187942A00669625 /* Sources */,
				FBE813772187942A00669625 /* Frameworks */,
				FBE813782187942A00669625 /* Resources */,
			);
			buildRules = (
			);
			dependencies = (
				FBE8137C2187942A00669625 /* PBXTargetDependency */,
			);
			name = AntapaccayQRTests;
			productName = AntapaccayQRTests;
			productReference = FBE8137A2187942A00669625 /* AntapaccayQRTests.xctest */;
			productType = "com.apple.product-type.bundle.unit-test";
		};
		FBE813842187942A00669625 /* AntapaccayQRUITests */ = {
			isa = PBXNativeTarget;
			buildConfigurationList = FBE813942187942A00669625 /* Build configuration list for PBXNativeTarget "AntapaccayQRUITests" */;
			buildPhases = (
				D0B16455C06E4AA921A667C3 /* [CP] Check Pods Manifest.lock */,
				FBE813812187942A00669625 /* Sources */,
				FBE813822187942A00669625 /* Frameworks */,
				FBE813832187942A00669625 /* Resources */,
			);
			buildRules = (
			);
			dependencies = (
				FBE813872187942A00669625 /* PBXTargetDependency */,
			);
			name = AntapaccayQRUITests;
			productName = AntapaccayQRUITests;
			productReference = FBE813852187942A00669625 /* AntapaccayQRUITests.xctest */;
			productType = "com.apple.product-type.bundle.ui-testing";
		};
/* End PBXNativeTarget section */

/* Begin PBXProject section */
		FBE8135E2187942A00669625 /* Project object */ = {
			isa = PBXProject;
			attributes = {
				LastSwiftUpdateCheck = 0920;
				LastUpgradeCheck = 1000;
				ORGANIZATIONNAME = "Innnovacis SRL";
				TargetAttributes = {
					FBE813652187942A00669625 = {
						CreatedOnToolsVersion = 9.2;
						LastSwiftMigration = 1000;
						ProvisioningStyle = Automatic;
					};
					FBE813792187942A00669625 = {
						CreatedOnToolsVersion = 9.2;
						LastSwiftMigration = 1000;
						ProvisioningStyle = Automatic;
						TestTargetID = FBE813652187942A00669625;
					};
					FBE813842187942A00669625 = {
						CreatedOnToolsVersion = 9.2;
						LastSwiftMigration = 1000;
						ProvisioningStyle = Automatic;
						TestTargetID = FBE813652187942A00669625;
					};
				};
			};
			buildConfigurationList = FBE813612187942A00669625 /* Build configuration list for PBXProject "AntapaccayQR" */;
			compatibilityVersion = "Xcode 8.0";
			developmentRegion = en;
			hasScannedForEncodings = 0;
			knownRegions = (
				en,
				Base,
			);
			mainGroup = FBE8135D2187942A00669625;
			productRefGroup = FBE813672187942A00669625 /* Products */;
			projectDirPath = "";
			projectRoot = "";
			targets = (
				FBE813652187942A00669625 /* AntapaccayQR */,
				FBE813792187942A00669625 /* AntapaccayQRTests */,
				FBE813842187942A00669625 /* AntapaccayQRUITests */,
			);
		};
/* End PBXProject section */

/* Begin PBXResourcesBuildPhase section */
		FBE813642187942A00669625 /* Resources */ = {
			isa = PBXResourcesBuildPhase;
			buildActionMask = 2147483647;
			files = (
				FBE813742187942A00669625 /* LaunchScreen.storyboard in Resources */,
				FBE813712187942A00669625 /* Assets.xcassets in Resources */,
				FB5738BE21B8408500C22703 /* CellComponentTableViewCell.xib in Resources */,
				FB43FD3521B9882700ABA054 /* AlmacenComponentTableViewCell.xib in Resources */,
				FBDAB0A121B1D0C4006C15F6 /* CellComponentCollectionViewCell.xib in Resources */,
				FBE8136F2187942A00669625 /* Main.storyboard in Resources */,
			);
			runOnlyForDeploymentPostprocessing = 0;
		};
		FBE813782187942A00669625 /* Resources */ = {
			isa = PBXResourcesBuildPhase;
			buildActionMask = 2147483647;
			files = (
			);
			runOnlyForDeploymentPostprocessing = 0;
		};
		FBE813832187942A00669625 /* Resources */ = {
			isa = PBXResourcesBuildPhase;
			buildActionMask = 2147483647;
			files = (
			);
			runOnlyForDeploymentPostprocessing = 0;
		};
/* End PBXResourcesBuildPhase section */

/* Begin PBXShellScriptBuildPhase section */
		50AB0A123FF308342724A68E /* [CP] Check Pods Manifest.lock */ = {
			isa = PBXShellScriptBuildPhase;
			buildActionMask = 2147483647;
			files = (
			);
			inputPaths = (
				"${PODS_PODFILE_DIR_PATH}/Podfile.lock",
				"${PODS_ROOT}/Manifest.lock",
			);
			name = "[CP] Check Pods Manifest.lock";
			outputPaths = (
				"$(DERIVED_FILE_DIR)/Pods-AntapaccayQR-checkManifestLockResult.txt",
			);
			runOnlyForDeploymentPostprocessing = 0;
			shellPath = /bin/sh;
			shellScript = "diff \"${PODS_PODFILE_DIR_PATH}/Podfile.lock\" \"${PODS_ROOT}/Manifest.lock\" > /dev/null\nif [ $? != 0 ] ; then\n    # print error to STDERR\n    echo \"error: The sandbox is not in sync with the Podfile.lock. Run 'pod install' or update your CocoaPods installation.\" >&2\n    exit 1\nfi\n# This output is used by Xcode 'outputs' to avoid re-running this script phase.\necho \"SUCCESS\" > \"${SCRIPT_OUTPUT_FILE_0}\"\n";
			showEnvVarsInLog = 0;
		};
		96C81A41085152A246CF1492 /* [CP] Embed Pods Frameworks */ = {
			isa = PBXShellScriptBuildPhase;
			buildActionMask = 2147483647;
			files = (
			);
			inputPaths = (
				"${SRCROOT}/Pods/Target Support Files/Pods-AntapaccayQR/Pods-AntapaccayQR-frameworks.sh",
				"${BUILT_PRODUCTS_DIR}/Alamofire/Alamofire.framework",
				"${BUILT_PRODUCTS_DIR}/DropDown/DropDown.framework",
				"${BUILT_PRODUCTS_DIR}/SwiftSpinner/SwiftSpinner.framework",
			);
			name = "[CP] Embed Pods Frameworks";
			outputPaths = (
				"${TARGET_BUILD_DIR}/${FRAMEWORKS_FOLDER_PATH}/Alamofire.framework",
				"${TARGET_BUILD_DIR}/${FRAMEWORKS_FOLDER_PATH}/DropDown.framework",
				"${TARGET_BUILD_DIR}/${FRAMEWORKS_FOLDER_PATH}/SwiftSpinner.framework",
			);
			runOnlyForDeploymentPostprocessing = 0;
			shellPath = /bin/sh;
			shellScript = "\"${SRCROOT}/Pods/Target Support Files/Pods-AntapaccayQR/Pods-AntapaccayQR-frameworks.sh\"\n";
			showEnvVarsInLog = 0;
		};
		BAC71F528C3C0AF20EFE0CA8 /* [CP] Check Pods Manifest.lock */ = {
			isa = PBXShellScriptBuildPhase;
			buildActionMask = 2147483647;
			files = (
			);
			inputPaths = (
				"${PODS_PODFILE_DIR_PATH}/Podfile.lock",
				"${PODS_ROOT}/Manifest.lock",
			);
			name = "[CP] Check Pods Manifest.lock";
			outputPaths = (
				"$(DERIVED_FILE_DIR)/Pods-AntapaccayQRTests-checkManifestLockResult.txt",
			);
			runOnlyForDeploymentPostprocessing = 0;
			shellPath = /bin/sh;
			shellScript = "diff \"${PODS_PODFILE_DIR_PATH}/Podfile.lock\" \"${PODS_ROOT}/Manifest.lock\" > /dev/null\nif [ $? != 0 ] ; then\n    # print error to STDERR\n    echo \"error: The sandbox is not in sync with the Podfile.lock. Run 'pod install' or update your CocoaPods installation.\" >&2\n    exit 1\nfi\n# This output is used by Xcode 'outputs' to avoid re-running this script phase.\necho \"SUCCESS\" > \"${SCRIPT_OUTPUT_FILE_0}\"\n";
			showEnvVarsInLog = 0;
		};
		D0B16455C06E4AA921A667C3 /* [CP] Check Pods Manifest.lock */ = {
			isa = PBXShellScriptBuildPhase;
			buildActionMask = 2147483647;
			files = (
			);
			inputPaths = (
				"${PODS_PODFILE_DIR_PATH}/Podfile.lock",
				"${PODS_ROOT}/Manifest.lock",
			);
			name = "[CP] Check Pods Manifest.lock";
			outputPaths = (
				"$(DERIVED_FILE_DIR)/Pods-AntapaccayQRUITests-checkManifestLockResult.txt",
			);
			runOnlyForDeploymentPostprocessing = 0;
			shellPath = /bin/sh;
			shellScript = "diff \"${PODS_PODFILE_DIR_PATH}/Podfile.lock\" \"${PODS_ROOT}/Manifest.lock\" > /dev/null\nif [ $? != 0 ] ; then\n    # print error to STDERR\n    echo \"error: The sandbox is not in sync with the Podfile.lock. Run 'pod install' or update your CocoaPods installation.\" >&2\n    exit 1\nfi\n# This output is used by Xcode 'outputs' to avoid re-running this script phase.\necho \"SUCCESS\" > \"${SCRIPT_OUTPUT_FILE_0}\"\n";
			showEnvVarsInLog = 0;
		};
/* End PBXShellScriptBuildPhase section */

/* Begin PBXSourcesBuildPhase section */
		FBE813622187942A00669625 /* Sources */ = {
			isa = PBXSourcesBuildPhase;
			buildActionMask = 2147483647;
			files = (
				FB15844F218CE78200592ED1 /* OrdenDetalle.swift in Sources */,
				FB43FD2D21B9871A00ABA054 /* AlmacenViewController.swift in Sources */,
				FB142BF62194CDA100FC9FB6 /* Bulto.swift in Sources */,
				FBD3C24C21ACAA8C00221C3C /* TabBarUnidadViewController.swift in Sources */,
				FBD3C24821AC5CEA00221C3C /* DimensionesBultoViewController.swift in Sources */,
				FB5738C021B84F3600C22703 /* ReporteUserViewController.swift in Sources */,
				FB7C9EE32188D47700F0466F /* ConstSegen.swift in Sources */,
				FB345CFA21ADC53500B5BF5E /* DataDTO.swift in Sources */,
				FB1F08BC21BB00C700AAFE81 /* ListaBultosViewController.swift in Sources */,
				FB89359F219CCC31007A04E3 /* TransportistaViewController.swift in Sources */,
				FB1A9D392193457B00F8ED32 /* TerminarViewController.swift in Sources */,
				FB94C467218A4EA6000E6684 /* RoutesApi.swift in Sources */,
				FB491CB521975A3300B0CC29 /* QRViewController.swift in Sources */,
				FBD3C23E21AC221F00221C3C /* ConsolidadoUnidadViewController.swift in Sources */,
				FBD3C24A21AC7A7D00221C3C /* TerminarBultoViewController.swift in Sources */,
				FB1C7F52219E225B00B62DE8 /* TransporteDTO.swift in Sources */,
				FB40348421890B8D005C7792 /* MenuViewController.swift in Sources */,
				FBE7D0F621AF24CB00590AB3 /* Registro.swift in Sources */,
				FB2141EE2191E10C00953269 /* Item.swift in Sources */,
				FB1A9D372193457000F8ED32 /* GaleriaViewController.swift in Sources */,
				FBE7D0F221AEEE8500590AB3 /* PartidaCargaViewController.swift in Sources */,
				FB735B2F2195DCBA00707D9D /* OrdenDTO.swift in Sources */,
				FB345CF821ADA44500B5BF5E /* Unidad.swift in Sources */,
				FB7C9EE12188D17C00F0466F /* LoginViewController.swift in Sources */,
				FBD3C23C21AC1B4800221C3C /* Paleta.swift in Sources */,
				FBE8136C2187942A00669625 /* ViewController.swift in Sources */,
				FB59B65321BEE29A006E1F2D /* PaletaQRViewController.swift in Sources */,
				FB1A9D3121933C4C00F8ED32 /* TipoViewController.swift in Sources */,
				FB735B312195E16E00707D9D /* ListaGuia.swift in Sources */,
				FB3F04C72188FE2700287DAB /* User.swift in Sources */,
				FB5738C221B853F800C22703 /* Reporte.swift in Sources */,
				FB59B65521BEE2F6006E1F2D /* UnidadQRViewController.swift in Sources */,
				FB43FD3421B9882700ABA054 /* AlmacenComponentTableViewCell.swift in Sources */,
				FB20AFA421A30E3600B98FE6 /* ListaViewController.swift in Sources */,
				FBD3C24621AC5AEE00221C3C /* GaleriaBultoViewController.swift in Sources */,
				FB1A9D352193456400F8ED32 /* CamaraViewController.swift in Sources */,
				FBE8136A2187942A00669625 /* AppDelegate.swift in Sources */,
				FBD3C23A21AC107B00221C3C /* ConsolidadionPaletaViewController.swift in Sources */,
				FB1A9D2F21933C2800F8ED32 /* NacionaliadViewController.swift in Sources */,
				FBD3C24421AC5A9000221C3C /* CameraBultoViewController.swift in Sources */,
				FB94C469218A4EF1000E6684 /* Util.swift in Sources */,
				FB9BE786218A47370044690B /* Orden.swift in Sources */,
				FBE7D0F021AEEE7600590AB3 /* SalidaCargaViewController.swift in Sources */,
				FB1A9D332193443A00F8ED32 /* TabBarViewController.swift in Sources */,
				FB1CDADE2189FCB9003CF2B3 /* SeguimientoCargaViewController.swift in Sources */,
				FB5738BD21B8408500C22703 /* CellComponentTableViewCell.swift in Sources */,
				FB2FAB1621B076A1003AB115 /* Llegada.swift in Sources */,
				FBD3C24E21ACAB5900221C3C /* UnidadTransporteViewController.swift in Sources */,
				FBD3C24221AC5A4A00221C3C /* TabBarBultoViewController.swift in Sources */,
				FBDAB0A021B1D0C4006C15F6 /* CellComponentCollectionViewCell.swift in Sources */,
				FBE7D0F421AF121800590AB3 /* Entrada.swift in Sources */,
			);
			runOnlyForDeploymentPostprocessing = 0;
		};
		FBE813762187942A00669625 /* Sources */ = {
			isa = PBXSourcesBuildPhase;
			buildActionMask = 2147483647;
			files = (
				FBE8137F2187942A00669625 /* AntapaccayQRTests.swift in Sources */,
			);
			runOnlyForDeploymentPostprocessing = 0;
		};
		FBE813812187942A00669625 /* Sources */ = {
			isa = PBXSourcesBuildPhase;
			buildActionMask = 2147483647;
			files = (
				FBE8138A2187942A00669625 /* AntapaccayQRUITests.swift in Sources */,
			);
			runOnlyForDeploymentPostprocessing = 0;
		};
/* End PBXSourcesBuildPhase section */

/* Begin PBXTargetDependency section */
		FBE8137C2187942A00669625 /* PBXTargetDependency */ = {
			isa = PBXTargetDependency;
			target = FBE813652187942A00669625 /* AntapaccayQR */;
			targetProxy = FBE8137B2187942A00669625 /* PBXContainerItemProxy */;
		};
		FBE813872187942A00669625 /* PBXTargetDependency */ = {
			isa = PBXTargetDependency;
			target = FBE813652187942A00669625 /* AntapaccayQR */;
			targetProxy = FBE813862187942A00669625 /* PBXContainerItemProxy */;
		};
/* End PBXTargetDependency section */

/* Begin PBXVariantGroup section */
		FBE8136D2187942A00669625 /* Main.storyboard */ = {
			isa = PBXVariantGroup;
			children = (
				FBE8136E2187942A00669625 /* Base */,
			);
			name = Main.storyboard;
			sourceTree = "<group>";
		};
		FBE813722187942A00669625 /* LaunchScreen.storyboard */ = {
			isa = PBXVariantGroup;
			children = (
				FBE813732187942A00669625 /* Base */,
			);
			name = LaunchScreen.storyboard;
			sourceTree = "<group>";
		};
/* End PBXVariantGroup section */

/* Begin XCBuildConfiguration section */
		FBE8138C2187942A00669625 /* Debug */ = {
			isa = XCBuildConfiguration;
			buildSettings = {
				ALWAYS_SEARCH_USER_PATHS = NO;
				CLANG_ANALYZER_NONNULL = YES;
				CLANG_ANALYZER_NUMBER_OBJECT_CONVERSION = YES_AGGRESSIVE;
				CLANG_CXX_LANGUAGE_STANDARD = "gnu++14";
				CLANG_CXX_LIBRARY = "libc++";
				CLANG_ENABLE_MODULES = YES;
				CLANG_ENABLE_OBJC_ARC = YES;
				CLANG_WARN_BLOCK_CAPTURE_AUTORELEASING = YES;
				CLANG_WARN_BOOL_CONVERSION = YES;
				CLANG_WARN_COMMA = YES;
				CLANG_WARN_CONSTANT_CONVERSION = YES;
				CLANG_WARN_DEPRECATED_OBJC_IMPLEMENTATIONS = YES;
				CLANG_WARN_DIRECT_OBJC_ISA_USAGE = YES_ERROR;
				CLANG_WARN_DOCUMENTATION_COMMENTS = YES;
				CLANG_WARN_EMPTY_BODY = YES;
				CLANG_WARN_ENUM_CONVERSION = YES;
				CLANG_WARN_INFINITE_RECURSION = YES;
				CLANG_WARN_INT_CONVERSION = YES;
				CLANG_WARN_NON_LITERAL_NULL_CONVERSION = YES;
				CLANG_WARN_OBJC_IMPLICIT_RETAIN_SELF = YES;
				CLANG_WARN_OBJC_LITERAL_CONVERSION = YES;
				CLANG_WARN_OBJC_ROOT_CLASS = YES_ERROR;
				CLANG_WARN_RANGE_LOOP_ANALYSIS = YES;
				CLANG_WARN_STRICT_PROTOTYPES = YES;
				CLANG_WARN_SUSPICIOUS_MOVE = YES;
				CLANG_WARN_UNGUARDED_AVAILABILITY = YES_AGGRESSIVE;
				CLANG_WARN_UNREACHABLE_CODE = YES;
				CLANG_WARN__DUPLICATE_METHOD_MATCH = YES;
				CODE_SIGN_IDENTITY = "iPhone Developer";
				COPY_PHASE_STRIP = NO;
				DEBUG_INFORMATION_FORMAT = dwarf;
				ENABLE_STRICT_OBJC_MSGSEND = YES;
				ENABLE_TESTABILITY = YES;
				GCC_C_LANGUAGE_STANDARD = gnu11;
				GCC_DYNAMIC_NO_PIC = NO;
				GCC_NO_COMMON_BLOCKS = YES;
				GCC_OPTIMIZATION_LEVEL = 0;
				GCC_PREPROCESSOR_DEFINITIONS = (
					"DEBUG=1",
					"$(inherited)",
				);
				GCC_WARN_64_TO_32_BIT_CONVERSION = YES;
				GCC_WARN_ABOUT_RETURN_TYPE = YES_ERROR;
				GCC_WARN_UNDECLARED_SELECTOR = YES;
				GCC_WARN_UNINITIALIZED_AUTOS = YES_AGGRESSIVE;
				GCC_WARN_UNUSED_FUNCTION = YES;
				GCC_WARN_UNUSED_VARIABLE = YES;
				IPHONEOS_DEPLOYMENT_TARGET = 11.2;
				MTL_ENABLE_DEBUG_INFO = YES;
				ONLY_ACTIVE_ARCH = YES;
				SDKROOT = iphoneos;
				SWIFT_ACTIVE_COMPILATION_CONDITIONS = DEBUG;
				SWIFT_OPTIMIZATION_LEVEL = "-Onone";
			};
			name = Debug;
		};
		FBE8138D2187942A00669625 /* Release */ = {
			isa = XCBuildConfiguration;
			buildSettings = {
				ALWAYS_SEARCH_USER_PATHS = NO;
				CLANG_ANALYZER_NONNULL = YES;
				CLANG_ANALYZER_NUMBER_OBJECT_CONVERSION = YES_AGGRESSIVE;
				CLANG_CXX_LANGUAGE_STANDARD = "gnu++14";
				CLANG_CXX_LIBRARY = "libc++";
				CLANG_ENABLE_MODULES = YES;
				CLANG_ENABLE_OBJC_ARC = YES;
				CLANG_WARN_BLOCK_CAPTURE_AUTORELEASING = YES;
				CLANG_WARN_BOOL_CONVERSION = YES;
				CLANG_WARN_COMMA = YES;
				CLANG_WARN_CONSTANT_CONVERSION = YES;
				CLANG_WARN_DEPRECATED_OBJC_IMPLEMENTATIONS = YES;
				CLANG_WARN_DIRECT_OBJC_ISA_USAGE = YES_ERROR;
				CLANG_WARN_DOCUMENTATION_COMMENTS = YES;
				CLANG_WARN_EMPTY_BODY = YES;
				CLANG_WARN_ENUM_CONVERSION = YES;
				CLANG_WARN_INFINITE_RECURSION = YES;
				CLANG_WARN_INT_CONVERSION = YES;
				CLANG_WARN_NON_LITERAL_NULL_CONVERSION = YES;
				CLANG_WARN_OBJC_IMPLICIT_RETAIN_SELF = YES;
				CLANG_WARN_OBJC_LITERAL_CONVERSION = YES;
				CLANG_WARN_OBJC_ROOT_CLASS = YES_ERROR;
				CLANG_WARN_RANGE_LOOP_ANALYSIS = YES;
				CLANG_WARN_STRICT_PROTOTYPES = YES;
				CLANG_WARN_SUSPICIOUS_MOVE = YES;
				CLANG_WARN_UNGUARDED_AVAILABILITY = YES_AGGRESSIVE;
				CLANG_WARN_UNREACHABLE_CODE = YES;
				CLANG_WARN__DUPLICATE_METHOD_MATCH = YES;
				CODE_SIGN_IDENTITY = "iPhone Developer";
				COPY_PHASE_STRIP = NO;
				DEBUG_INFORMATION_FORMAT = "dwarf-with-dsym";
				ENABLE_NS_ASSERTIONS = NO;
				ENABLE_STRICT_OBJC_MSGSEND = YES;
				GCC_C_LANGUAGE_STANDARD = gnu11;
				GCC_NO_COMMON_BLOCKS = YES;
				GCC_WARN_64_TO_32_BIT_CONVERSION = YES;
				GCC_WARN_ABOUT_RETURN_TYPE = YES_ERROR;
				GCC_WARN_UNDECLARED_SELECTOR = YES;
				GCC_WARN_UNINITIALIZED_AUTOS = YES_AGGRESSIVE;
				GCC_WARN_UNUSED_FUNCTION = YES;
				GCC_WARN_UNUSED_VARIABLE = YES;
				IPHONEOS_DEPLOYMENT_TARGET = 11.2;
				MTL_ENABLE_DEBUG_INFO = NO;
				SDKROOT = iphoneos;
				SWIFT_OPTIMIZATION_LEVEL = "-Owholemodule";
				VALIDATE_PRODUCT = YES;
			};
			name = Release;
		};
		FBE8138F2187942A00669625 /* Debug */ = {
			isa = XCBuildConfiguration;
			baseConfigurationReference = 6DB5934F51140889FE5B848D /* Pods-AntapaccayQR.debug.xcconfig */;
			buildSettings = {
				ASSETCATALOG_COMPILER_APPICON_NAME = AppIcon;
				CODE_SIGN_STYLE = Automatic;
				DEVELOPMENT_TEAM = 8P248MVDEB;
				INFOPLIST_FILE = AntapaccayQR/Info.plist;
				LD_RUNPATH_SEARCH_PATHS = "$(inherited) @executable_path/Frameworks";
				PRODUCT_BUNDLE_IDENTIFIER = com.innnovacis.AntapaccayQR;
				PRODUCT_NAME = "$(TARGET_NAME)";
				SWIFT_VERSION = 4.2;
				TARGETED_DEVICE_FAMILY = "1,2";
			};
			name = Debug;
		};
		FBE813902187942A00669625 /* Release */ = {
			isa = XCBuildConfiguration;
			baseConfigurationReference = 8ED80017C56D57E2F7C08513 /* Pods-AntapaccayQR.release.xcconfig */;
			buildSettings = {
				ASSETCATALOG_COMPILER_APPICON_NAME = AppIcon;
				CODE_SIGN_STYLE = Automatic;
				DEVELOPMENT_TEAM = 8P248MVDEB;
				INFOPLIST_FILE = AntapaccayQR/Info.plist;
				LD_RUNPATH_SEARCH_PATHS = "$(inherited) @executable_path/Frameworks";
				PRODUCT_BUNDLE_IDENTIFIER = com.innnovacis.AntapaccayQR;
				PRODUCT_NAME = "$(TARGET_NAME)";
				SWIFT_VERSION = 4.2;
				TARGETED_DEVICE_FAMILY = "1,2";
			};
			name = Release;
		};
		FBE813922187942A00669625 /* Debug */ = {
			isa = XCBuildConfiguration;
			baseConfigurationReference = D308793767C53330691C399F /* Pods-AntapaccayQRTests.debug.xcconfig */;
			buildSettings = {
				ALWAYS_EMBED_SWIFT_STANDARD_LIBRARIES = YES;
				BUNDLE_LOADER = "$(TEST_HOST)";
				CODE_SIGN_STYLE = Automatic;
				INFOPLIST_FILE = AntapaccayQRTests/Info.plist;
				LD_RUNPATH_SEARCH_PATHS = "$(inherited) @executable_path/Frameworks @loader_path/Frameworks";
				PRODUCT_BUNDLE_IDENTIFIER = com.innnovacis.unsa.AntapaccayQRTests;
				PRODUCT_NAME = "$(TARGET_NAME)";
				SWIFT_VERSION = 4.2;
				TARGETED_DEVICE_FAMILY = "1,2";
				TEST_HOST = "$(BUILT_PRODUCTS_DIR)/AntapaccayQR.app/AntapaccayQR";
			};
			name = Debug;
		};
		FBE813932187942A00669625 /* Release */ = {
			isa = XCBuildConfiguration;
			baseConfigurationReference = 653B2E3670D8CBFA647FD4BA /* Pods-AntapaccayQRTests.release.xcconfig */;
			buildSettings = {
				ALWAYS_EMBED_SWIFT_STANDARD_LIBRARIES = YES;
				BUNDLE_LOADER = "$(TEST_HOST)";
				CODE_SIGN_STYLE = Automatic;
				INFOPLIST_FILE = AntapaccayQRTests/Info.plist;
				LD_RUNPATH_SEARCH_PATHS = "$(inherited) @executable_path/Frameworks @loader_path/Frameworks";
				PRODUCT_BUNDLE_IDENTIFIER = com.innnovacis.unsa.AntapaccayQRTests;
				PRODUCT_NAME = "$(TARGET_NAME)";
				SWIFT_VERSION = 4.2;
				TARGETED_DEVICE_FAMILY = "1,2";
				TEST_HOST = "$(BUILT_PRODUCTS_DIR)/AntapaccayQR.app/AntapaccayQR";
			};
			name = Release;
		};
		FBE813952187942A00669625 /* Debug */ = {
			isa = XCBuildConfiguration;
			baseConfigurationReference = 4430C7A3BB2F1F5DB4C68A01 /* Pods-AntapaccayQRUITests.debug.xcconfig */;
			buildSettings = {
				ALWAYS_EMBED_SWIFT_STANDARD_LIBRARIES = YES;
				CODE_SIGN_STYLE = Automatic;
				INFOPLIST_FILE = AntapaccayQRUITests/Info.plist;
				LD_RUNPATH_SEARCH_PATHS = "$(inherited) @executable_path/Frameworks @loader_path/Frameworks";
				PRODUCT_BUNDLE_IDENTIFIER = com.innnovacis.unsa.AntapaccayQRUITests;
				PRODUCT_NAME = "$(TARGET_NAME)";
				SWIFT_VERSION = 4.2;
				TARGETED_DEVICE_FAMILY = "1,2";
				TEST_TARGET_NAME = AntapaccayQR;
			};
			name = Debug;
		};
		FBE813962187942A00669625 /* Release */ = {
			isa = XCBuildConfiguration;
			baseConfigurationReference = F73EBF6CFE4E82570AE5A442 /* Pods-AntapaccayQRUITests.release.xcconfig */;
			buildSettings = {
				ALWAYS_EMBED_SWIFT_STANDARD_LIBRARIES = YES;
				CODE_SIGN_STYLE = Automatic;
				INFOPLIST_FILE = AntapaccayQRUITests/Info.plist;
				LD_RUNPATH_SEARCH_PATHS = "$(inherited) @executable_path/Frameworks @loader_path/Frameworks";
				PRODUCT_BUNDLE_IDENTIFIER = com.innnovacis.unsa.AntapaccayQRUITests;
				PRODUCT_NAME = "$(TARGET_NAME)";
				SWIFT_VERSION = 4.2;
				TARGETED_DEVICE_FAMILY = "1,2";
				TEST_TARGET_NAME = AntapaccayQR;
			};
			name = Release;
		};
/* End XCBuildConfiguration section */

/* Begin XCConfigurationList section */
		FBE813612187942A00669625 /* Build configuration list for PBXProject "AntapaccayQR" */ = {
			isa = XCConfigurationList;
			buildConfigurations = (
				FBE8138C2187942A00669625 /* Debug */,
				FBE8138D2187942A00669625 /* Release */,
			);
			defaultConfigurationIsVisible = 0;
			defaultConfigurationName = Release;
		};
		FBE8138E2187942A00669625 /* Build configuration list for PBXNativeTarget "AntapaccayQR" */ = {
			isa = XCConfigurationList;
			buildConfigurations = (
				FBE8138F2187942A00669625 /* Debug */,
				FBE813902187942A00669625 /* Release */,
			);
			defaultConfigurationIsVisible = 0;
			defaultConfigurationName = Release;
		};
		FBE813912187942A00669625 /* Build configuration list for PBXNativeTarget "AntapaccayQRTests" */ = {
			isa = XCConfigurationList;
			buildConfigurations = (
				FBE813922187942A00669625 /* Debug */,
				FBE813932187942A00669625 /* Release */,
			);
			defaultConfigurationIsVisible = 0;
			defaultConfigurationName = Release;
		};
		FBE813942187942A00669625 /* Build configuration list for PBXNativeTarget "AntapaccayQRUITests" */ = {
			isa = XCConfigurationList;
			buildConfigurations = (
				FBE813952187942A00669625 /* Debug */,
				FBE813962187942A00669625 /* Release */,
			);
			defaultConfigurationIsVisible = 0;
			defaultConfigurationName = Release;
		};
/* End XCConfigurationList section */
	};
	rootObject = FBE8135E2187942A00669625 /* Project object */;
}
