PODS:
  - Alamofire (4.7.3)
  - DropDown (2.3.12)
  - QRCoder (1.0.0)

DEPENDENCIES:
  - Alamofire (~> 4.7)
  - DropDown (~> 2.3.2)
  - QRCoder (~> 1.0)

SPEC REPOS:
  https://github.com/cocoapods/specs.git:
    - Alamofire
    - DropDown
    - QRCoder

SPEC CHECKSUMS:
  Alamofire: c7287b6e5d7da964a70935e5db17046b7fde6568
  DropDown: 0bcc278799ec11a3d34ce1aac9367fbbaf5423d9
  QRCoder: 488f6869fb89ffcc3de3b4de2dabd200a6573f3c

PODFILE CHECKSUM: a4356118a3e23660bfa2d7ee2c751437567afd08

COCOAPODS: 1.5.2
